
Microsoft Visual Studio Solution File, Format Version 12.00
# Visual Studio Version 17
VisualStudioVersion = 17.4.33122.133
MinimumVisualStudioVersion = 10.0.40219.1
Project("{FAE04EC0-301F-11D3-BF4B-00C04F79EFBC}") = "password project", "password project\password project.csproj", "{D72E3150-FDB3-442E-824F-DF09A9D605FD}"
EndProject
Global
	GlobalSection(SolutionConfigurationPlatforms) = preSolution
		Debug|Any CPU = Debug|Any CPU
		Release|Any CPU = Release|Any CPU
	EndGlobalSection
	GlobalSection(ProjectConfigurationPlatforms) = postSolution
		{D72E3150-FDB3-442E-824F-DF09A9D605FD}.Debug|Any CPU.ActiveCfg = Debug|Any CPU
		{D72E3150-FDB3-442E-824F-DF09A9D605FD}.Debug|Any CPU.Build.0 = Debug|Any CPU
		{D72E3150-FDB3-442E-824F-DF09A9D605FD}.Release|Any CPU.ActiveCfg = Release|Any CPU
		{D72E3150-FDB3-442E-824F-DF09A9D605FD}.Release|Any CPU.Build.0 = Release|Any CPU
	EndGlobalSection
	GlobalSection(SolutionProperties) = preSolution
		HideSolutionNode = FALSE
	EndGlobalSection
	GlobalSection(ExtensibilityGlobals) = postSolution
		SolutionGuid = {DF59EF97-79DA-461D-ABB9-07F60E895F53}
	EndGlobalSection
EndGlobal
